// !$*UTF8*$!
{
	archiveVersion = 1;
	classes = {
	};
	objectVersion = 55;
	objects = {

/* Begin PBXBuildFile section */
		0C294AC728EB1A5A00F7B7CD /* AppDelegate.swift in Sources */ = {isa = PBXBuildFile; fileRef = 0C294AC628EB1A5A00F7B7CD /* AppDelegate.swift */; };
		0C294AC928EB1A5A00F7B7CD /* SceneDelegate.swift in Sources */ = {isa = PBXBuildFile; fileRef = 0C294AC828EB1A5A00F7B7CD /* SceneDelegate.swift */; };
		0C294ACB28EB1A5A00F7B7CD /* ViewController.swift in Sources */ = {isa = PBXBuildFile; fileRef = 0C294ACA28EB1A5A00F7B7CD /* ViewController.swift */; };
		0C294ACE28EB1A5A00F7B7CD /* Main.storyboard in Resources */ = {isa = PBXBuildFile; fileRef = 0C294ACC28EB1A5A00F7B7CD /* Main.storyboard */; };
		0C294AD028EB1A5A00F7B7CD /* Assets.xcassets in Resources */ = {isa = PBXBuildFile; fileRef = 0C294ACF28EB1A5A00F7B7CD /* Assets.xcassets */; };
		0C294AD328EB1A5A00F7B7CD /* LaunchScreen.storyboard in Resources */ = {isa = PBXBuildFile; fileRef = 0C294AD128EB1A5A00F7B7CD /* LaunchScreen.storyboard */; };
		0C294ADE28EB1A5B00F7B7CD /* hello_worldTests.swift in Sources */ = {isa = PBXBuildFile; fileRef = 0C294ADD28EB1A5B00F7B7CD /* hello_worldTests.swift */; };
		0C294AE828EB1A5B00F7B7CD /* hello_worldUITests.swift in Sources */ = {isa = PBXBuildFile; fileRef = 0C294AE728EB1A5B00F7B7CD /* hello_worldUITests.swift */; };
		0C294AEA28EB1A5B00F7B7CD /* hello_worldUITestsLaunchTests.swift in Sources */ = {isa = PBXBuildFile; fileRef = 0C294AE928EB1A5B00F7B7CD /* hello_worldUITestsLaunchTests.swift */; };
/* End PBXBuildFile section */

/* Begin PBXContainerItemProxy section */
		0C294ADA28EB1A5B00F7B7CD /* PBXContainerItemProxy */ = {
			isa = PBXContainerItemProxy;
			containerPortal = 0C294ABB28EB1A5A00F7B7CD /* Project object */;
			proxyType = 1;
			remoteGlobalIDString = 0C294AC228EB1A5A00F7B7CD;
			remoteInfo = "hello world";
		};
		0C294AE428EB1A5B00F7B7CD /* PBXContainerItemProxy */ = {
			isa = PBXContainerItemProxy;
			containerPortal = 0C294ABB28EB1A5A00F7B7CD /* Project object */;
			proxyType = 1;
			remoteGlobalIDString = 0C294AC228EB1A5A00F7B7CD;
			remoteInfo = "hello world";
		};
/* End PBXContainerItemProxy section */

/* Begin PBXFileReference section */
		0C294AC328EB1A5A00F7B7CD /* hello world.app */ = {isa = PBXFileReference; explicitFileType = wrapper.application; includeInIndex = 0; path = "hello world.app"; sourceTree = BUILT_PRODUCTS_DIR; };
		0C294AC628EB1A5A00F7B7CD /* AppDelegate.swift */ = {isa = PBXFileReference; lastKnownFileType = sourcecode.swift; path = AppDelegate.swift; sourceTree = "<group>"; };
		0C294AC828EB1A5A00F7B7CD /* SceneDelegate.swift */ = {isa = PBXFileReference; lastKnownFileType = sourcecode.swift; path = SceneDelegate.swift; sourceTree = "<group>"; };
		0C294ACA28EB1A5A00F7B7CD /* ViewController.swift */ = {isa = PBXFileReference; lastKnownFileType = sourcecode.swift; path = ViewController.swift; sourceTree = "<group>"; };
		0C294ACD28EB1A5A00F7B7CD /* Base */ = {isa = PBXFileReference; lastKnownFileType = file.storyboard; name = Base; path = Base.lproj/Main.storyboard; sourceTree = "<group>"; };
		0C294ACF28EB1A5A00F7B7CD /* Assets.xcassets */ = {isa = PBXFileReference; lastKnownFileType = folder.assetcatalog; path = Assets.xcassets; sourceTree = "<group>"; };
		0C294AD228EB1A5A00F7B7CD /* Base */ = {isa = PBXFileReference; lastKnownFileType = file.storyboard; name = Base; path = Base.lproj/LaunchScreen.storyboard; sourceTree = "<group>"; };
		0C294AD428EB1A5A00F7B7CD /* Info.plist */ = {isa = PBXFileReference; lastKnownFileType = text.plist.xml; path = Info.plist; sourceTree = "<group>"; };
		0C294AD928EB1A5B00F7B7CD /* hello worldTests.xctest */ = {isa = PBXFileReference; explicitFileType = wrapper.cfbundle; includeInIndex = 0; path = "hello worldTests.xctest"; sourceTree = BUILT_PRODUCTS_DIR; };
		0C294ADD28EB1A5B00F7B7CD /* hello_worldTests.swift */ = {isa = PBXFileReference; lastKnownFileType = sourcecode.swift; path = hello_worldTests.swift; sourceTree = "<group>"; };
		0C294AE328EB1A5B00F7B7CD /* hello worldUITests.xctest */ = {isa = PBXFileReference; explicitFileType = wrapper.cfbundle; includeInIndex = 0; path = "hello worldUITests.xctest"; sourceTree = BUILT_PRODUCTS_DIR; };
		0C294AE728EB1A5B00F7B7CD /* hello_worldUITests.swift */ = {isa = PBXFileReference; lastKnownFileType = sourcecode.swift; path = hello_worldUITests.swift; sourceTree = "<group>"; };
		0C294AE928EB1A5B00F7B7CD /* hello_worldUITestsLaunchTests.swift */ = {isa = PBXFileReference; lastKnownFileType = sourcecode.swift; path = hello_worldUITestsLaunchTests.swift; sourceTree = "<group>"; };
/* End PBXFileReference section */

/* Begin PBXFrameworksBuildPhase section */
		0C294AC028EB1A5A00F7B7CD /* Frameworks */ = {
			isa = PBXFrameworksBuildPhase;
			buildActionMask = 2147483647;
			files = (
			);
			runOnlyForDeploymentPostprocessing = 0;
		};
		0C294AD628EB1A5B00F7B7CD /* Frameworks */ = {
			isa = PBXFrameworksBuildPhase;
			buildActionMask = 2147483647;
			files = (
			);
			runOnlyForDeploymentPostprocessing = 0;
		};
		0C294AE028EB1A5B00F7B7CD /* Frameworks */ = {
			isa = PBXFrameworksBuildPhase;
			buildActionMask = 2147483647;
			files = (
			);
			runOnlyForDeploymentPostprocessing = 0;
		};
/* End PBXFrameworksBuildPhase section */

/* Begin PBXGroup section */
		0C294ABA28EB1A5A00F7B7CD = {
			isa = PBXGroup;
			children = (
				0C294AC528EB1A5A00F7B7CD /* hello world */,
				0C294ADC28EB1A5B00F7B7CD /* hello worldTests */,
				0C294AE628EB1A5B00F7B7CD /* hello worldUITests */,
				0C294AC428EB1A5A00F7B7CD /* Products */,
			);
			sourceTree = "<group>";
		};
		0C294AC428EB1A5A00F7B7CD /* Products */ = {
			isa = PBXGroup;
			children = (
				0C294AC328EB1A5A00F7B7CD /* hello world.app */,
				0C294AD928EB1A5B00F7B7CD /* hello worldTests.xctest */,
				0C294AE328EB1A5B00F7B7CD /* hello worldUITests.xctest */,
			);
			name = Products;
			sourceTree = "<group>";
		};
		0C294AC528EB1A5A00F7B7CD /* hello world */ = {
			isa = PBXGroup;
			children = (
				0C294AC628EB1A5A00F7B7CD /* AppDelegate.swift */,
				0C294AC828EB1A5A00F7B7CD /* SceneDelegate.swift */,
				0C294ACA28EB1A5A00F7B7CD /* ViewController.swift */,
				0C294ACC28EB1A5A00F7B7CD /* Main.storyboard */,
				0C294ACF28EB1A5A00F7B7CD /* Assets.xcassets */,
				0C294AD128EB1A5A00F7B7CD /* LaunchScreen.storyboard */,
				0C294AD428EB1A5A00F7B7CD /* Info.plist */,
			);
			path = "hello world";
			sourceTree = "<group>";
		};
		0C294ADC28EB1A5B00F7B7CD /* hello worldTests */ = {
			isa = PBXGroup;
			children = (
				0C294ADD28EB1A5B00F7B7CD /* hello_worldTests.swift */,
			);
			path = "hello worldTests";
			sourceTree = "<group>";
		};
		0C294AE628EB1A5B00F7B7CD /* hello worldUITests */ = {
			isa = PBXGroup;
			children = (
				0C294AE728EB1A5B00F7B7CD /* hello_worldUITests.swift */,
				0C294AE928EB1A5B00F7B7CD /* hello_worldUITestsLaunchTests.swift */,
			);
			path = "hello worldUITests";
			sourceTree = "<group>";
		};
/* End PBXGroup section */

/* Begin PBXNativeTarget section */
		0C294AC228EB1A5A00F7B7CD /* hello world */ = {
			isa = PBXNativeTarget;
			buildConfigurationList = 0C294AED28EB1A5B00F7B7CD /* Build configuration list for PBXNativeTarget "hello world" */;
			buildPhases = (
				0C294ABF28EB1A5A00F7B7CD /* Sources */,
				0C294AC028EB1A5A00F7B7CD /* Frameworks */,
				0C294AC128EB1A5A00F7B7CD /* Resources */,
			);
			buildRules = (
			);
			dependencies = (
			);
			name = "hello world";
			productName = "hello world";
			productReference = 0C294AC328EB1A5A00F7B7CD /* hello world.app */;
			productType = "com.apple.product-type.application";
		};
		0C294AD828EB1A5B00F7B7CD /* hello worldTests */ = {
			isa = PBXNativeTarget;
			buildConfigurationList = 0C294AF028EB1A5B00F7B7CD /* Build configuration list for PBXNativeTarget "hello worldTests" */;
			buildPhases = (
				0C294AD528EB1A5B00F7B7CD /* Sources */,
				0C294AD628EB1A5B00F7B7CD /* Frameworks */,
				0C294AD728EB1A5B00F7B7CD /* Resources */,
			);
			buildRules = (
			);
			dependencies = (
				0C294ADB28EB1A5B00F7B7CD /* PBXTargetDependency */,
			);
			name = "hello worldTests";
			productName = "hello worldTests";
			productReference = 0C294AD928EB1A5B00F7B7CD /* hello worldTests.xctest */;
			productType = "com.apple.product-type.bundle.unit-test";
		};
		0C294AE228EB1A5B00F7B7CD /* hello worldUITests */ = {
			isa = PBXNativeTarget;
			buildConfigurationList = 0C294AF328EB1A5B00F7B7CD /* Build configuration list for PBXNativeTarget "hello worldUITests" */;
			buildPhases = (
				0C294ADF28EB1A5B00F7B7CD /* Sources */,
				0C294AE028EB1A5B00F7B7CD /* Frameworks */,
				0C294AE128EB1A5B00F7B7CD /* Resources */,
			);
			buildRules = (
			);
			dependencies = (
				0C294AE528EB1A5B00F7B7CD /* PBXTargetDependency */,
			);
			name = "hello worldUITests";
			productName = "hello worldUITests";
			productReference = 0C294AE328EB1A5B00F7B7CD /* hello worldUITests.xctest */;
			productType = "com.apple.product-type.bundle.ui-testing";
		};
/* End PBXNativeTarget section */

/* Begin PBXProject section */
		0C294ABB28EB1A5A00F7B7CD /* Project object */ = {
			isa = PBXProject;
			attributes = {
				BuildIndependentTargetsInParallel = 1;
				LastSwiftUpdateCheck = 1340;
				LastUpgradeCheck = 1340;
				TargetAttributes = {
					0C294AC228EB1A5A00F7B7CD = {
						CreatedOnToolsVersion = 13.4.1;
					};
					0C294AD828EB1A5B00F7B7CD = {
						CreatedOnToolsVersion = 13.4.1;
						TestTargetID = 0C294AC228EB1A5A00F7B7CD;
					};
					0C294AE228EB1A5B00F7B7CD = {
						CreatedOnToolsVersion = 13.4.1;
						TestTargetID = 0C294AC228EB1A5A00F7B7CD;
					};
				};
			};
			buildConfigurationList = 0C294ABE28EB1A5A00F7B7CD /* Build configuration list for PBXProject "hello world" */;
			compatibilityVersion = "Xcode 13.0";
			developmentRegion = en;
			hasScannedForEncodings = 0;
			knownRegions = (
				en,
				Base,
			);
			mainGroup = 0C294ABA28EB1A5A00F7B7CD;
			productRefGroup = 0C294AC428EB1A5A00F7B7CD /* Products */;
			projectDirPath = "";
			projectRoot = "";
			targets = (
				0C294AC228EB1A5A00F7B7CD /* hello world */,
				0C294AD828EB1A5B00F7B7CD /* hello worldTests */,
				0C294AE228EB1A5B00F7B7CD /* hello worldUITests */,
			);
		};
/* End PBXProject section */

/* Begin PBXResourcesBuildPhase section */
		0C294AC128EB1A5A00F7B7CD /* Resources */ = {
			isa = PBXResourcesBuildPhase;
			buildActionMask = 2147483647;
			files = (
				0C294AD328EB1A5A00F7B7CD /* LaunchScreen.storyboard in Resources */,
				0C294AD028EB1A5A00F7B7CD /* Assets.xcassets in Resources */,
				0C294ACE28EB1A5A00F7B7CD /* Main.storyboard in Resources */,
			);
			runOnlyForDeploymentPostprocessing = 0;
		};
		0C294AD728EB1A5B00F7B7CD /* Resources */ = {
			isa = PBXResourcesBuildPhase;
			buildActionMask = 2147483647;
			files = (
			);
			runOnlyForDeploymentPostprocessing = 0;
		};
		0C294AE128EB1A5B00F7B7CD /* Resources */ = {
			isa = PBXResourcesBuildPhase;
			buildActionMask = 2147483647;
			files = (
			);
			runOnlyForDeploymentPostprocessing = 0;
		};
/* End PBXResourcesBuildPhase section */

/* Begin PBXSourcesBuildPhase section */
		0C294ABF28EB1A5A00F7B7CD /* Sources */ = {
			isa = PBXSourcesBuildPhase;
			buildActionMask = 2147483647;
			files = (
				0C294ACB28EB1A5A00F7B7CD /* ViewController.swift in Sources */,
				0C294AC728EB1A5A00F7B7CD /* AppDelegate.swift in Sources */,
				0C294AC928EB1A5A00F7B7CD /* SceneDelegate.swift in Sources */,
			);
			runOnlyForDeploymentPostprocessing = 0;
		};
		0C294AD528EB1A5B00F7B7CD /* Sources */ = {
			isa = PBXSourcesBuildPhase;
			buildActionMask = 2147483647;
			files = (
				0C294ADE28EB1A5B00F7B7CD /* hello_worldTests.swift in Sources */,
			);
			runOnlyForDeploymentPostprocessing = 0;
		};
		0C294ADF28EB1A5B00F7B7CD /* Sources */ = {
			isa = PBXSourcesBuildPhase;
			buildActionMask = 2147483647;
			files = (
				0C294AEA28EB1A5B00F7B7CD /* hello_worldUITestsLaunchTests.swift in Sources */,
				0C294AE828EB1A5B00F7B7CD /* hello_worldUITests.swift in Sources */,
			);
			runOnlyForDeploymentPostprocessing = 0;
		};
/* End PBXSourcesBuildPhase section */

/* Begin PBXTargetDependency section */
		0C294ADB28EB1A5B00F7B7CD /* PBXTargetDependency */ = {
			isa = PBXTargetDependency;
			target = 0C294AC228EB1A5A00F7B7CD /* hello world */;
			targetProxy = 0C294ADA28EB1A5B00F7B7CD /* PBXContainerItemProxy */;
		};
		0C294AE528EB1A5B00F7B7CD /* PBXTargetDependency */ = {
			isa = PBXTargetDependency;
			target = 0C294AC228EB1A5A00F7B7CD /* hello world */;
			targetProxy = 0C294AE428EB1A5B00F7B7CD /* PBXContainerItemProxy */;
		};
/* End PBXTargetDependency section */

/* Begin PBXVariantGroup section */
		0C294ACC28EB1A5A00F7B7CD /* Main.storyboard */ = {
			isa = PBXVariantGroup;
			children = (
				0C294ACD28EB1A5A00F7B7CD /* Base */,
			);
			name = Main.storyboard;
			sourceTree = "<group>";
		};
		0C294AD128EB1A5A00F7B7CD /* LaunchScreen.storyboard */ = {
			isa = PBXVariantGroup;
			children = (
				0C294AD228EB1A5A00F7B7CD /* Base */,
			);
			name = LaunchScreen.storyboard;
			sourceTree = "<group>";
		};
/* End PBXVariantGroup section */

/* Begin XCBuildConfiguration section */
		0C294AEB28EB1A5B00F7B7CD /* Debug */ = {
			isa = XCBuildConfiguration;
			buildSettings = {
				ALWAYS_SEARCH_USER_PATHS = NO;
				CLANG_ANALYZER_NONNULL = YES;
				CLANG_ANALYZER_NUMBER_OBJECT_CONVERSION = YES_AGGRESSIVE;
				CLANG_CXX_LANGUAGE_STANDARD = "gnu++17";
				CLANG_ENABLE_MODULES = YES;
				CLANG_ENABLE_OBJC_ARC = YES;
				CLANG_ENABLE_OBJC_WEAK = YES;
				CLANG_WARN_BLOCK_CAPTURE_AUTORELEASING = YES;
				CLANG_WARN_BOOL_CONVERSION = YES;
				CLANG_WARN_COMMA = YES;
				CLANG_WARN_CONSTANT_CONVERSION = YES;
				CLANG_WARN_DEPRECATED_OBJC_IMPLEMENTATIONS = YES;
				CLANG_WARN_DIRECT_OBJC_ISA_USAGE = YES_ERROR;
				CLANG_WARN_DOCUMENTATION_COMMENTS = YES;
				CLANG_WARN_EMPTY_BODY = YES;
				CLANG_WARN_ENUM_CONVERSION = YES;
				CLANG_WARN_INFINITE_RECURSION = YES;
				CLANG_WARN_INT_CONVERSION = YES;
				CLANG_WARN_NON_LITERAL_NULL_CONVERSION = YES;
				CLANG_WARN_OBJC_IMPLICIT_RETAIN_SELF = YES;
				CLANG_WARN_OBJC_LITERAL_CONVERSION = YES;
				CLANG_WARN_OBJC_ROOT_CLASS = YES_ERROR;
				CLANG_WARN_QUOTED_INCLUDE_IN_FRAMEWORK_HEADER = YES;
				CLANG_WARN_RANGE_LOOP_ANALYSIS = YES;
				CLANG_WARN_STRICT_PROTOTYPES = YES;
				CLANG_WARN_SUSPICIOUS_MOVE = YES;
				CLANG_WARN_UNGUARDED_AVAILABILITY = YES_AGGRESSIVE;
				CLANG_WARN_UNREACHABLE_CODE = YES;
				CLANG_WARN__DUPLICATE_METHOD_MATCH = YES;
				COPY_PHASE_STRIP = NO;
				DEBUG_INFORMATION_FORMAT = dwarf;
				ENABLE_STRICT_OBJC_MSGSEND = YES;
				ENABLE_TESTABILITY = YES;
				GCC_C_LANGUAGE_STANDARD = gnu11;
				GCC_DYNAMIC_NO_PIC = NO;
				GCC_NO_COMMON_BLOCKS = YES;
				GCC_OPTIMIZATION_LEVEL = 0;
				GCC_PREPROCESSOR_DEFINITIONS = (
					"DEBUG=1",
					"$(inherited)",
				);
				GCC_WARN_64_TO_32_BIT_CONVERSION = YES;
				GCC_WARN_ABOUT_RETURN_TYPE = YES_ERROR;
				GCC_WARN_UNDECLARED_SELECTOR = YES;
				GCC_WARN_UNINITIALIZED_AUTOS = YES_AGGRESSIVE;
				GCC_WARN_UNUSED_FUNCTION = YES;
				GCC_WARN_UNUSED_VARIABLE = YES;
				IPHONEOS_DEPLOYMENT_TARGET = 15.5;
				MTL_ENABLE_DEBUG_INFO = INCLUDE_SOURCE;
				MTL_FAST_MATH = YES;
				ONLY_ACTIVE_ARCH = YES;
				SDKROOT = iphoneos;
				SWIFT_ACTIVE_COMPILATION_CONDITIONS = DEBUG;
				SWIFT_OPTIMIZATION_LEVEL = "-Onone";
			};
			name = Debug;
		};
		0C294AEC28EB1A5B00F7B7CD /* Release */ = {
			isa = XCBuildConfiguration;
			buildSettings = {
				ALWAYS_SEARCH_USER_PATHS = NO;
				CLANG_ANALYZER_NONNULL = YES;
				CLANG_ANALYZER_NUMBER_OBJECT_CONVERSION = YES_AGGRESSIVE;
				CLANG_CXX_LANGUAGE_STANDARD = "gnu++17";
				CLANG_ENABLE_MODULES = YES;
				CLANG_ENABLE_OBJC_ARC = YES;
				CLANG_ENABLE_OBJC_WEAK = YES;
				CLANG_WARN_BLOCK_CAPTURE_AUTORELEASING = YES;
				CLANG_WARN_BOOL_CONVERSION = YES;
				CLANG_WARN_COMMA = YES;
				CLANG_WARN_CONSTANT_CONVERSION = YES;
				CLANG_WARN_DEPRECATED_OBJC_IMPLEMENTATIONS = YES;
				CLANG_WARN_DIRECT_OBJC_ISA_USAGE = YES_ERROR;
				CLANG_WARN_DOCUMENTATION_COMMENTS = YES;
				CLANG_WARN_EMPTY_BODY = YES;
				CLANG_WARN_ENUM_CONVERSION = YES;
				CLANG_WARN_INFINITE_RECURSION = YES;
				CLANG_WARN_INT_CONVERSION = YES;
				CLANG_WARN_NON_LITERAL_NULL_CONVERSION = YES;
				CLANG_WARN_OBJC_IMPLICIT_RETAIN_SELF = YES;
				CLANG_WARN_OBJC_LITERAL_CONVERSION = YES;
				CLANG_WARN_OBJC_ROOT_CLASS = YES_ERROR;
				CLANG_WARN_QUOTED_INCLUDE_IN_FRAMEWORK_HEADER = YES;
				CLANG_WARN_RANGE_LOOP_ANALYSIS = YES;
				CLANG_WARN_STRICT_PROTOTYPES = YES;
				CLANG_WARN_SUSPICIOUS_MOVE = YES;
				CLANG_WARN_UNGUARDED_AVAILABILITY = YES_AGGRESSIVE;
				CLANG_WARN_UNREACHABLE_CODE = YES;
				CLANG_WARN__DUPLICATE_METHOD_MATCH = YES;
				COPY_PHASE_STRIP = NO;
				DEBUG_INFORMATION_FORMAT = "dwarf-with-dsym";
				ENABLE_NS_ASSERTIONS = NO;
				ENABLE_STRICT_OBJC_MSGSEND = YES;
				GCC_C_LANGUAGE_STANDARD = gnu11;
				GCC_NO_COMMON_BLOCKS = YES;
				GCC_WARN_64_TO_32_BIT_CONVERSION = YES;
				GCC_WARN_ABOUT_RETURN_TYPE = YES_ERROR;
				GCC_WARN_UNDECLARED_SELECTOR = YES;
				GCC_WARN_UNINITIALIZED_AUTOS = YES_AGGRESSIVE;
				GCC_WARN_UNUSED_FUNCTION = YES;
				GCC_WARN_UNUSED_VARIABLE = YES;
				IPHONEOS_DEPLOYMENT_TARGET = 15.5;
				MTL_ENABLE_DEBUG_INFO = NO;
				MTL_FAST_MATH = YES;
				SDKROOT = iphoneos;
				SWIFT_COMPILATION_MODE = wholemodule;
				SWIFT_OPTIMIZATION_LEVEL = "-O";
				VALIDATE_PRODUCT = YES;
			};
			name = Release;
		};
		0C294AEE28EB1A5B00F7B7CD /* Debug */ = {
			isa = XCBuildConfiguration;
			buildSettings = {
				ASSETCATALOG_COMPILER_APPICON_NAME = AppIcon;
				ASSETCATALOG_COMPILER_GLOBAL_ACCENT_COLOR_NAME = AccentColor;
				CODE_SIGN_STYLE = Automatic;
				CURRENT_PROJECT_VERSION = 1;
				DEVELOPMENT_TEAM = CSC4SD49JZ;
				GENERATE_INFOPLIST_FILE = YES;
				INFOPLIST_FILE = "hello world/Info.plist";
				INFOPLIST_KEY_UIApplicationSupportsIndirectInputEvents = YES;
				INFOPLIST_KEY_UILaunchStoryboardName = LaunchScreen;
				INFOPLIST_KEY_UIMainStoryboardFile = Main;
				INFOPLIST_KEY_UISupportedInterfaceOrientations_iPad = "UIInterfaceOrientationPortrait UIInterfaceOrientationPortraitUpsideDown UIInterfaceOrientationLandscapeLeft UIInterfaceOrientationLandscapeRight";
				INFOPLIST_KEY_UISupportedInterfaceOrientations_iPhone = "UIInterfaceOrientationPortrait UIInterfaceOrientationLandscapeLeft UIInterfaceOrientationLandscapeRight";
				LD_RUNPATH_SEARCH_PATHS = (
					"$(inherited)",
					"@executable_path/Frameworks",
				);
				MARKETING_VERSION = 1.0;
				PRODUCT_BUNDLE_IDENTIFIER = "org.d127.230648.hello-world";
				PRODUCT_NAME = "$(TARGET_NAME)";
				SWIFT_EMIT_LOC_STRINGS = YES;
				SWIFT_VERSION = 5.0;
				TARGETED_DEVICE_FAMILY = "1,2";
			};
			name = Debug;
		};
		0C294AEF28EB1A5B00F7B7CD /* Release */ = {
			isa = XCBuildConfiguration;
			buildSettings = {
				ASSETCATALOG_COMPILER_APPICON_NAME = AppIcon;
				ASSETCATALOG_COMPILER_GLOBAL_ACCENT_COLOR_NAME = AccentColor;
				CODE_SIGN_STYLE = Automatic;
				CURRENT_PROJECT_VERSION = 1;
				DEVELOPMENT_TEAM = CSC4SD49JZ;
				GENERATE_INFOPLIST_FILE = YES;
				INFOPLIST_FILE = "hello world/Info.plist";
				INFOPLIST_KEY_UIApplicationSupportsIndirectInputEvents = YES;
				INFOPLIST_KEY_UILaunchStoryboardName = LaunchScreen;
				INFOPLIST_KEY_UIMainStoryboardFile = Main;
				INFOPLIST_KEY_UISupportedInterfaceOrientations_iPad = "UIInterfaceOrientationPortrait UIInterfaceOrientationPortraitUpsideDown UIInterfaceOrientationLandscapeLeft UIInterfaceOrientationLandscapeRight";
				INFOPLIST_KEY_UISupportedInterfaceOrientations_iPhone = "UIInterfaceOrientationPortrait UIInterfaceOrientationLandscapeLeft UIInterfaceOrientationLandscapeRight";
				LD_RUNPATH_SEARCH_PATHS = (
					"$(inherited)",
					"@executable_path/Frameworks",
				);
				MARKETING_VERSION = 1.0;
				PRODUCT_BUNDLE_IDENTIFIER = "org.d127.230648.hello-world";
				PRODUCT_NAME = "$(TARGET_NAME)";
				SWIFT_EMIT_LOC_STRINGS = YES;
				SWIFT_VERSION = 5.0;
				TARGETED_DEVICE_FAMILY = "1,2";
			};
			name = Release;
		};
		0C294AF128EB1A5B00F7B7CD /* Debug */ = {
			isa = XCBuildConfiguration;
			buildSettings = {
				ALWAYS_EMBED_SWIFT_STANDARD_LIBRARIES = YES;
				BUNDLE_LOADER = "$(TEST_HOST)";
				CODE_SIGN_STYLE = Automatic;
				CURRENT_PROJECT_VERSION = 1;
				DEVELOPMENT_TEAM = CSC4SD49JZ;
				GENERATE_INFOPLIST_FILE = YES;
				IPHONEOS_DEPLOYMENT_TARGET = 15.5;
				MARKETING_VERSION = 1.0;
				PRODUCT_BUNDLE_IDENTIFIER = "org.d127.230648.hello-worldTests";
				PRODUCT_NAME = "$(TARGET_NAME)";
				SWIFT_EMIT_LOC_STRINGS = NO;
				SWIFT_VERSION = 5.0;
				TARGETED_DEVICE_FAMILY = "1,2";
				TEST_HOST = "$(BUILT_PRODUCTS_DIR)/hello world.app/hello world";
			};
			name = Debug;
		};
		0C294AF228EB1A5B00F7B7CD /* Release */ = {
			isa = XCBuildConfiguration;
			buildSettings = {
				ALWAYS_EMBED_SWIFT_STANDARD_LIBRARIES = YES;
				BUNDLE_LOADER = "$(TEST_HOST)";
				CODE_SIGN_STYLE = Automatic;
				CURRENT_PROJECT_VERSION = 1;
				DEVELOPMENT_TEAM = CSC4SD49JZ;
				GENERATE_INFOPLIST_FILE = YES;
				IPHONEOS_DEPLOYMENT_TARGET = 15.5;
				MARKETING_VERSION = 1.0;
				PRODUCT_BUNDLE_IDENTIFIER = "org.d127.230648.hello-worldTests";
				PRODUCT_NAME = "$(TARGET_NAME)";
				SWIFT_EMIT_LOC_STRINGS = NO;
				SWIFT_VERSION = 5.0;
				TARGETED_DEVICE_FAMILY = "1,2";
				TEST_HOST = "$(BUILT_PRODUCTS_DIR)/hello world.app/hello world";
			};
			name = Release;
		};
		0C294AF428EB1A5B00F7B7CD /* Debug */ = {
			isa = XCBuildConfiguration;
			buildSettings = {
				ALWAYS_EMBED_SWIFT_STANDARD_LIBRARIES = YES;
				CODE_SIGN_STYLE = Automatic;
				CURRENT_PROJECT_VERSION = 1;
				DEVELOPMENT_TEAM = CSC4SD49JZ;
				GENERATE_INFOPLIST_FILE = YES;
				MARKETING_VERSION = 1.0;
				PRODUCT_BUNDLE_IDENTIFIER = "org.d127.230648.hello-worldUITests";
				PRODUCT_NAME = "$(TARGET_NAME)";
				SWIFT_EMIT_LOC_STRINGS = NO;
				SWIFT_VERSION = 5.0;
				TARGETED_DEVICE_FAMILY = "1,2";
				TEST_TARGET_NAME = "hello world";
			};
			name = Debug;
		};
		0C294AF528EB1A5B00F7B7CD /* Release */ = {
			isa = XCBuildConfiguration;
			buildSettings = {
				ALWAYS_EMBED_SWIFT_STANDARD_LIBRARIES = YES;
				CODE_SIGN_STYLE = Automatic;
				CURRENT_PROJECT_VERSION = 1;
				DEVELOPMENT_TEAM = CSC4SD49JZ;
				GENERATE_INFOPLIST_FILE = YES;
				MARKETING_VERSION = 1.0;
				PRODUCT_BUNDLE_IDENTIFIER = "org.d127.230648.hello-worldUITests";
				PRODUCT_NAME = "$(TARGET_NAME)";
				SWIFT_EMIT_LOC_STRINGS = NO;
				SWIFT_VERSION = 5.0;
				TARGETED_DEVICE_FAMILY = "1,2";
				TEST_TARGET_NAME = "hello world";
			};
			name = Release;
		};
/* End XCBuildConfiguration section */

/* Begin XCConfigurationList section */
		0C294ABE28EB1A5A00F7B7CD /* Build configuration list for PBXProject "hello world" */ = {
			isa = XCConfigurationList;
			buildConfigurations = (
				0C294AEB28EB1A5B00F7B7CD /* Debug */,
				0C294AEC28EB1A5B00F7B7CD /* Release */,
			);
			defaultConfigurationIsVisible = 0;
			defaultConfigurationName = Release;
		};
		0C294AED28EB1A5B00F7B7CD /* Build configuration list for PBXNativeTarget "hello world" */ = {
			isa = XCConfigurationList;
			buildConfigurations = (
				0C294AEE28EB1A5B00F7B7CD /* Debug */,
				0C294AEF28EB1A5B00F7B7CD /* Release */,
			);
			defaultConfigurationIsVisible = 0;
			defaultConfigurationName = Release;
		};
		0C294AF028EB1A5B00F7B7CD /* Build configuration list for PBXNativeTarget "hello worldTests" */ = {
			isa = XCConfigurationList;
			buildConfigurations = (
				0C294AF128EB1A5B00F7B7CD /* Debug */,
				0C294AF228EB1A5B00F7B7CD /* Release */,
			);
			defaultConfigurationIsVisible = 0;
			defaultConfigurationName = Release;
		};
		0C294AF328EB1A5B00F7B7CD /* Build configuration list for PBXNativeTarget "hello worldUITests" */ = {
			isa = XCConfigurationList;
			buildConfigurations = (
				0C294AF428EB1A5B00F7B7CD /* Debug */,
				0C294AF528EB1A5B00F7B7CD /* Release */,
			);
			defaultConfigurationIsVisible = 0;
			defaultConfigurationName = Release;
		};
/* End XCConfigurationList section */
	};
	rootObject = 0C294ABB28EB1A5A00F7B7CD /* Project object */;
}
